
Microsoft Visual Studio Solution File, Format Version 12.00
# Visual Studio 15
VisualStudioVersion = 15.0.27703.2042
MinimumVisualStudioVersion = 10.0.40219.1
Project("{FAE04EC0-301F-11D3-BF4B-00C04F79EFBC}") = "BCMWeb.Android", "BCMWeb\BCMWeb.Android\BCMWeb.Android.csproj", "{BD84696D-90F2-47D8-926D-90FE1CDA5CAA}"
EndProject
Project("{FAE04EC0-301F-11D3-BF4B-00C04F79EFBC}") = "BCMWeb.iOS", "BCMWeb\BCMWeb.iOS\BCMWeb.iOS.csproj", "{B2AAD3BC-B96B-4695-B954-9ECCEA397F3D}"
EndProject
Project("{FAE04EC0-301F-11D3-BF4B-00C04F79EFBC}") = "BCMWeb.UWP", "BCMWeb\BCMWeb.UWP\BCMWeb.UWP.csproj", "{024660AA-34E6-43FC-98E2-BA858E319F49}"
EndProject
Project("{FAE04EC0-301F-11D3-BF4B-00C04F79EFBC}") = "BCMWeb", "BCMWeb\BCMWeb\BCMWeb.csproj", "{0F38CD0C-79A0-4F81-AFA7-504A0DAA06FF}"
EndProject
Global
	GlobalSection(SolutionConfigurationPlatforms) = preSolution
		Ad-Hoc|Any CPU = Ad-Hoc|Any CPU
		Ad-Hoc|ARM = Ad-Hoc|ARM
		Ad-Hoc|iPhone = Ad-Hoc|iPhone
		Ad-Hoc|iPhoneSimulator = Ad-Hoc|iPhoneSimulator
		Ad-Hoc|x64 = Ad-Hoc|x64
		Ad-Hoc|x86 = Ad-Hoc|x86
		AppStore|Any CPU = AppStore|Any CPU
		AppStore|ARM = AppStore|ARM
		AppStore|iPhone = AppStore|iPhone
		AppStore|iPhoneSimulator = AppStore|iPhoneSimulator
		AppStore|x64 = AppStore|x64
		AppStore|x86 = AppStore|x86
		Debug|Any CPU = Debug|Any CPU
		Debug|ARM = Debug|ARM
		Debug|iPhone = Debug|iPhone
		Debug|iPhoneSimulator = Debug|iPhoneSimulator
		Debug|x64 = Debug|x64
		Debug|x86 = Debug|x86
		Release|Any CPU = Release|Any CPU
		Release|ARM = Release|ARM
		Release|iPhone = Release|iPhone
		Release|iPhoneSimulator = Release|iPhoneSimulator
		Release|x64 = Release|x64
		Release|x86 = Release|x86
	EndGlobalSection
	GlobalSection(ProjectConfigurationPlatforms) = postSolution
		{BD84696D-90F2-47D8-926D-90FE1CDA5CAA}.Ad-Hoc|Any CPU.ActiveCfg = Release|Any CPU
		{BD84696D-90F2-47D8-926D-90FE1CDA5CAA}.Ad-Hoc|Any CPU.Build.0 = Release|Any CPU
		{BD84696D-90F2-47D8-926D-90FE1CDA5CAA}.Ad-Hoc|Any CPU.Deploy.0 = Release|Any CPU
		{BD84696D-90F2-47D8-926D-90FE1CDA5CAA}.Ad-Hoc|ARM.ActiveCfg = Release|Any CPU
		{BD84696D-90F2-47D8-926D-90FE1CDA5CAA}.Ad-Hoc|ARM.Build.0 = Release|Any CPU
		{BD84696D-90F2-47D8-926D-90FE1CDA5CAA}.Ad-Hoc|ARM.Deploy.0 = Release|Any CPU
		{BD84696D-90F2-47D8-926D-90FE1CDA5CAA}.Ad-Hoc|iPhone.ActiveCfg = Release|Any CPU
		{BD84696D-90F2-47D8-926D-90FE1CDA5CAA}.Ad-Hoc|iPhone.Build.0 = Release|Any CPU
		{BD84696D-90F2-47D8-926D-90FE1CDA5CAA}.Ad-Hoc|iPhone.Deploy.0 = Release|Any CPU
		{BD84696D-90F2-47D8-926D-90FE1CDA5CAA}.Ad-Hoc|iPhoneSimulator.ActiveCfg = Release|Any CPU
		{BD84696D-90F2-47D8-926D-90FE1CDA5CAA}.Ad-Hoc|iPhoneSimulator.Build.0 = Release|Any CPU
		{BD84696D-90F2-47D8-926D-90FE1CDA5CAA}.Ad-Hoc|iPhoneSimulator.Deploy.0 = Release|Any CPU
		{BD84696D-90F2-47D8-926D-90FE1CDA5CAA}.Ad-Hoc|x64.ActiveCfg = Release|Any CPU
		{BD84696D-90F2-47D8-926D-90FE1CDA5CAA}.Ad-Hoc|x64.Build.0 = Release|Any CPU
		{BD84696D-90F2-47D8-926D-90FE1CDA5CAA}.Ad-Hoc|x64.Deploy.0 = Release|Any CPU
		{BD84696D-90F2-47D8-926D-90FE1CDA5CAA}.Ad-Hoc|x86.ActiveCfg = Release|Any CPU
		{BD84696D-90F2-47D8-926D-90FE1CDA5CAA}.Ad-Hoc|x86.Build.0 = Release|Any CPU
		{BD84696D-90F2-47D8-926D-90FE1CDA5CAA}.Ad-Hoc|x86.Deploy.0 = Release|Any CPU
		{BD84696D-90F2-47D8-926D-90FE1CDA5CAA}.AppStore|Any CPU.ActiveCfg = Release|Any CPU
		{BD84696D-90F2-47D8-926D-90FE1CDA5CAA}.AppStore|Any CPU.Build.0 = Release|Any CPU
		{BD84696D-90F2-47D8-926D-90FE1CDA5CAA}.AppStore|Any CPU.Deploy.0 = Release|Any CPU
		{BD84696D-90F2-47D8-926D-90FE1CDA5CAA}.AppStore|ARM.ActiveCfg = Release|Any CPU
		{BD84696D-90F2-47D8-926D-90FE1CDA5CAA}.AppStore|ARM.Build.0 = Release|Any CPU
		{BD84696D-90F2-47D8-926D-90FE1CDA5CAA}.AppStore|ARM.Deploy.0 = Release|Any CPU
		{BD84696D-90F2-47D8-926D-90FE1CDA5CAA}.AppStore|iPhone.ActiveCfg = Release|Any CPU
		{BD84696D-90F2-47D8-926D-90FE1CDA5CAA}.AppStore|iPhone.Build.0 = Release|Any CPU
		{BD84696D-90F2-47D8-926D-90FE1CDA5CAA}.AppStore|iPhone.Deploy.0 = Release|Any CPU
		{BD84696D-90F2-47D8-926D-90FE1CDA5CAA}.AppStore|iPhoneSimulator.ActiveCfg = Release|Any CPU
		{BD84696D-90F2-47D8-926D-90FE1CDA5CAA}.AppStore|iPhoneSimulator.Build.0 = Release|Any CPU
		{BD84696D-90F2-47D8-926D-90FE1CDA5CAA}.AppStore|iPhoneSimulator.Deploy.0 = Release|Any CPU
		{BD84696D-90F2-47D8-926D-90FE1CDA5CAA}.AppStore|x64.ActiveCfg = Release|Any CPU
		{BD84696D-90F2-47D8-926D-90FE1CDA5CAA}.AppStore|x64.Build.0 = Release|Any CPU
		{BD84696D-90F2-47D8-926D-90FE1CDA5CAA}.AppStore|x64.Deploy.0 = Release|Any CPU
		{BD84696D-90F2-47D8-926D-90FE1CDA5CAA}.AppStore|x86.ActiveCfg = Release|Any CPU
		{BD84696D-90F2-47D8-926D-90FE1CDA5CAA}.AppStore|x86.Build.0 = Release|Any CPU
		{BD84696D-90F2-47D8-926D-90FE1CDA5CAA}.AppStore|x86.Deploy.0 = Release|Any CPU
		{BD84696D-90F2-47D8-926D-90FE1CDA5CAA}.Debug|Any CPU.ActiveCfg = Debug|Any CPU
		{BD84696D-90F2-47D8-926D-90FE1CDA5CAA}.Debug|Any CPU.Build.0 = Debug|Any CPU
		{BD84696D-90F2-47D8-926D-90FE1CDA5CAA}.Debug|Any CPU.Deploy.0 = Debug|Any CPU
		{BD84696D-90F2-47D8-926D-90FE1CDA5CAA}.Debug|ARM.ActiveCfg = Debug|Any CPU
		{BD84696D-90F2-47D8-926D-90FE1CDA5CAA}.Debug|ARM.Build.0 = Debug|Any CPU
		{BD84696D-90F2-47D8-926D-90FE1CDA5CAA}.Debug|ARM.Deploy.0 = Debug|Any CPU
		{BD84696D-90F2-47D8-926D-90FE1CDA5CAA}.Debug|iPhone.ActiveCfg = Debug|Any CPU
		{BD84696D-90F2-47D8-926D-90FE1CDA5CAA}.Debug|iPhone.Build.0 = Debug|Any CPU
		{BD84696D-90F2-47D8-926D-90FE1CDA5CAA}.Debug|iPhone.Deploy.0 = Debug|Any CPU
		{BD84696D-90F2-47D8-926D-90FE1CDA5CAA}.Debug|iPhoneSimulator.ActiveCfg = Debug|Any CPU
		{BD84696D-90F2-47D8-926D-90FE1CDA5CAA}.Debug|iPhoneSimulator.Build.0 = Debug|Any CPU
		{BD84696D-90F2-47D8-926D-90FE1CDA5CAA}.Debug|iPhoneSimulator.Deploy.0 = Debug|Any CPU
		{BD84696D-90F2-47D8-926D-90FE1CDA5CAA}.Debug|x64.ActiveCfg = Debug|Any CPU
		{BD84696D-90F2-47D8-926D-90FE1CDA5CAA}.Debug|x64.Build.0 = Debug|Any CPU
		{BD84696D-90F2-47D8-926D-90FE1CDA5CAA}.Debug|x64.Deploy.0 = Debug|Any CPU
		{BD84696D-90F2-47D8-926D-90FE1CDA5CAA}.Debug|x86.ActiveCfg = Debug|Any CPU
		{BD84696D-90F2-47D8-926D-90FE1CDA5CAA}.Debug|x86.Build.0 = Debug|Any CPU
		{BD84696D-90F2-47D8-926D-90FE1CDA5CAA}.Debug|x86.Deploy.0 = Debug|Any CPU
		{BD84696D-90F2-47D8-926D-90FE1CDA5CAA}.Release|Any CPU.ActiveCfg = Release|Any CPU
		{BD84696D-90F2-47D8-926D-90FE1CDA5CAA}.Release|Any CPU.Build.0 = Release|Any CPU
		{BD84696D-90F2-47D8-926D-90FE1CDA5CAA}.Release|Any CPU.Deploy.0 = Release|Any CPU
		{BD84696D-90F2-47D8-926D-90FE1CDA5CAA}.Release|ARM.ActiveCfg = Release|Any CPU
		{BD84696D-90F2-47D8-926D-90FE1CDA5CAA}.Release|ARM.Build.0 = Release|Any CPU
		{BD84696D-90F2-47D8-926D-90FE1CDA5CAA}.Release|ARM.Deploy.0 = Release|Any CPU
		{BD84696D-90F2-47D8-926D-90FE1CDA5CAA}.Release|iPhone.ActiveCfg = Release|Any CPU
		{BD84696D-90F2-47D8-926D-90FE1CDA5CAA}.Release|iPhone.Build.0 = Release|Any CPU
		{BD84696D-90F2-47D8-926D-90FE1CDA5CAA}.Release|iPhone.Deploy.0 = Release|Any CPU
		{BD84696D-90F2-47D8-926D-90FE1CDA5CAA}.Release|iPhoneSimulator.ActiveCfg = Release|Any CPU
		{BD84696D-90F2-47D8-926D-90FE1CDA5CAA}.Release|iPhoneSimulator.Build.0 = Release|Any CPU
		{BD84696D-90F2-47D8-926D-90FE1CDA5CAA}.Release|iPhoneSimulator.Deploy.0 = Release|Any CPU
		{BD84696D-90F2-47D8-926D-90FE1CDA5CAA}.Release|x64.ActiveCfg = Release|Any CPU
		{BD84696D-90F2-47D8-926D-90FE1CDA5CAA}.Release|x64.Build.0 = Release|Any CPU
		{BD84696D-90F2-47D8-926D-90FE1CDA5CAA}.Release|x64.Deploy.0 = Release|Any CPU
		{BD84696D-90F2-47D8-926D-90FE1CDA5CAA}.Release|x86.ActiveCfg = Release|Any CPU
		{BD84696D-90F2-47D8-926D-90FE1CDA5CAA}.Release|x86.Build.0 = Release|Any CPU
		{BD84696D-90F2-47D8-926D-90FE1CDA5CAA}.Release|x86.Deploy.0 = Release|Any CPU
		{B2AAD3BC-B96B-4695-B954-9ECCEA397F3D}.Ad-Hoc|Any CPU.ActiveCfg = Ad-Hoc|iPhone
		{B2AAD3BC-B96B-4695-B954-9ECCEA397F3D}.Ad-Hoc|Any CPU.Build.0 = Ad-Hoc|iPhone
		{B2AAD3BC-B96B-4695-B954-9ECCEA397F3D}.Ad-Hoc|Any CPU.Deploy.0 = Ad-Hoc|iPhone
		{B2AAD3BC-B96B-4695-B954-9ECCEA397F3D}.Ad-Hoc|ARM.ActiveCfg = Ad-Hoc|iPhone
		{B2AAD3BC-B96B-4695-B954-9ECCEA397F3D}.Ad-Hoc|ARM.Build.0 = Ad-Hoc|iPhone
		{B2AAD3BC-B96B-4695-B954-9ECCEA397F3D}.Ad-Hoc|ARM.Deploy.0 = Ad-Hoc|iPhone
		{B2AAD3BC-B96B-4695-B954-9ECCEA397F3D}.Ad-Hoc|iPhone.ActiveCfg = Ad-Hoc|iPhone
		{B2AAD3BC-B96B-4695-B954-9ECCEA397F3D}.Ad-Hoc|iPhone.Build.0 = Ad-Hoc|iPhone
		{B2AAD3BC-B96B-4695-B954-9ECCEA397F3D}.Ad-Hoc|iPhone.Deploy.0 = Ad-Hoc|iPhone
		{B2AAD3BC-B96B-4695-B954-9ECCEA397F3D}.Ad-Hoc|iPhoneSimulator.ActiveCfg = Ad-Hoc|iPhoneSimulator
		{B2AAD3BC-B96B-4695-B954-9ECCEA397F3D}.Ad-Hoc|iPhoneSimulator.Build.0 = Ad-Hoc|iPhoneSimulator
		{B2AAD3BC-B96B-4695-B954-9ECCEA397F3D}.Ad-Hoc|iPhoneSimulator.Deploy.0 = Ad-Hoc|iPhoneSimulator
		{B2AAD3BC-B96B-4695-B954-9ECCEA397F3D}.Ad-Hoc|x64.ActiveCfg = Ad-Hoc|iPhone
		{B2AAD3BC-B96B-4695-B954-9ECCEA397F3D}.Ad-Hoc|x64.Build.0 = Ad-Hoc|iPhone
		{B2AAD3BC-B96B-4695-B954-9ECCEA397F3D}.Ad-Hoc|x64.Deploy.0 = Ad-Hoc|iPhone
		{B2AAD3BC-B96B-4695-B954-9ECCEA397F3D}.Ad-Hoc|x86.ActiveCfg = Ad-Hoc|iPhone
		{B2AAD3BC-B96B-4695-B954-9ECCEA397F3D}.Ad-Hoc|x86.Build.0 = Ad-Hoc|iPhone
		{B2AAD3BC-B96B-4695-B954-9ECCEA397F3D}.Ad-Hoc|x86.Deploy.0 = Ad-Hoc|iPhone
		{B2AAD3BC-B96B-4695-B954-9ECCEA397F3D}.AppStore|Any CPU.ActiveCfg = AppStore|iPhone
		{B2AAD3BC-B96B-4695-B954-9ECCEA397F3D}.AppStore|Any CPU.Build.0 = AppStore|iPhone
		{B2AAD3BC-B96B-4695-B954-9ECCEA397F3D}.AppStore|Any CPU.Deploy.0 = AppStore|iPhone
		{B2AAD3BC-B96B-4695-B954-9ECCEA397F3D}.AppStore|ARM.ActiveCfg = AppStore|iPhone
		{B2AAD3BC-B96B-4695-B954-9ECCEA397F3D}.AppStore|ARM.Build.0 = AppStore|iPhone
		{B2AAD3BC-B96B-4695-B954-9ECCEA397F3D}.AppStore|ARM.Deploy.0 = AppStore|iPhone
		{B2AAD3BC-B96B-4695-B954-9ECCEA397F3D}.AppStore|iPhone.ActiveCfg = AppStore|iPhone
		{B2AAD3BC-B96B-4695-B954-9ECCEA397F3D}.AppStore|iPhone.Build.0 = AppStore|iPhone
		{B2AAD3BC-B96B-4695-B954-9ECCEA397F3D}.AppStore|iPhone.Deploy.0 = AppStore|iPhone
		{B2AAD3BC-B96B-4695-B954-9ECCEA397F3D}.AppStore|iPhoneSimulator.ActiveCfg = AppStore|iPhoneSimulator
		{B2AAD3BC-B96B-4695-B954-9ECCEA397F3D}.AppStore|iPhoneSimulator.Build.0 = AppStore|iPhoneSimulator
		{B2AAD3BC-B96B-4695-B954-9ECCEA397F3D}.AppStore|iPhoneSimulator.Deploy.0 = AppStore|iPhoneSimulator
		{B2AAD3BC-B96B-4695-B954-9ECCEA397F3D}.AppStore|x64.ActiveCfg = AppStore|iPhone
		{B2AAD3BC-B96B-4695-B954-9ECCEA397F3D}.AppStore|x64.Build.0 = AppStore|iPhone
		{B2AAD3BC-B96B-4695-B954-9ECCEA397F3D}.AppStore|x64.Deploy.0 = AppStore|iPhone
		{B2AAD3BC-B96B-4695-B954-9ECCEA397F3D}.AppStore|x86.ActiveCfg = AppStore|iPhone
		{B2AAD3BC-B96B-4695-B954-9ECCEA397F3D}.AppStore|x86.Build.0 = AppStore|iPhone
		{B2AAD3BC-B96B-4695-B954-9ECCEA397F3D}.AppStore|x86.Deploy.0 = AppStore|iPhone
		{B2AAD3BC-B96B-4695-B954-9ECCEA397F3D}.Debug|Any CPU.ActiveCfg = Debug|iPhone
		{B2AAD3BC-B96B-4695-B954-9ECCEA397F3D}.Debug|Any CPU.Build.0 = Debug|iPhone
		{B2AAD3BC-B96B-4695-B954-9ECCEA397F3D}.Debug|Any CPU.Deploy.0 = Debug|iPhone
		{B2AAD3BC-B96B-4695-B954-9ECCEA397F3D}.Debug|ARM.ActiveCfg = Debug|iPhone
		{B2AAD3BC-B96B-4695-B954-9ECCEA397F3D}.Debug|ARM.Build.0 = Debug|iPhone
		{B2AAD3BC-B96B-4695-B954-9ECCEA397F3D}.Debug|ARM.Deploy.0 = Debug|iPhone
		{B2AAD3BC-B96B-4695-B954-9ECCEA397F3D}.Debug|iPhone.ActiveCfg = Debug|iPhone
		{B2AAD3BC-B96B-4695-B954-9ECCEA397F3D}.Debug|iPhone.Build.0 = Debug|iPhone
		{B2AAD3BC-B96B-4695-B954-9ECCEA397F3D}.Debug|iPhone.Deploy.0 = Debug|iPhone
		{B2AAD3BC-B96B-4695-B954-9ECCEA397F3D}.Debug|iPhoneSimulator.ActiveCfg = Debug|iPhoneSimulator
		{B2AAD3BC-B96B-4695-B954-9ECCEA397F3D}.Debug|iPhoneSimulator.Build.0 = Debug|iPhoneSimulator
		{B2AAD3BC-B96B-4695-B954-9ECCEA397F3D}.Debug|iPhoneSimulator.Deploy.0 = Debug|iPhoneSimulator
		{B2AAD3BC-B96B-4695-B954-9ECCEA397F3D}.Debug|x64.ActiveCfg = Debug|iPhone
		{B2AAD3BC-B96B-4695-B954-9ECCEA397F3D}.Debug|x64.Build.0 = Debug|iPhone
		{B2AAD3BC-B96B-4695-B954-9ECCEA397F3D}.Debug|x64.Deploy.0 = Debug|iPhone
		{B2AAD3BC-B96B-4695-B954-9ECCEA397F3D}.Debug|x86.ActiveCfg = Debug|iPhoneSimulator
		{B2AAD3BC-B96B-4695-B954-9ECCEA397F3D}.Debug|x86.Build.0 = Debug|iPhoneSimulator
		{B2AAD3BC-B96B-4695-B954-9ECCEA397F3D}.Debug|x86.Deploy.0 = Debug|iPhoneSimulator
		{B2AAD3BC-B96B-4695-B954-9ECCEA397F3D}.Release|Any CPU.ActiveCfg = Release|iPhone
		{B2AAD3BC-B96B-4695-B954-9ECCEA397F3D}.Release|Any CPU.Build.0 = Release|iPhone
		{B2AAD3BC-B96B-4695-B954-9ECCEA397F3D}.Release|Any CPU.Deploy.0 = Release|iPhone
		{B2AAD3BC-B96B-4695-B954-9ECCEA397F3D}.Release|ARM.ActiveCfg = Release|iPhone
		{B2AAD3BC-B96B-4695-B954-9ECCEA397F3D}.Release|ARM.Build.0 = Release|iPhone
		{B2AAD3BC-B96B-4695-B954-9ECCEA397F3D}.Release|ARM.Deploy.0 = Release|iPhone
		{B2AAD3BC-B96B-4695-B954-9ECCEA397F3D}.Release|iPhone.ActiveCfg = Release|iPhone
		{B2AAD3BC-B96B-4695-B954-9ECCEA397F3D}.Release|iPhone.Build.0 = Release|iPhone
		{B2AAD3BC-B96B-4695-B954-9ECCEA397F3D}.Release|iPhone.Deploy.0 = Release|iPhone
		{B2AAD3BC-B96B-4695-B954-9ECCEA397F3D}.Release|iPhoneSimulator.ActiveCfg = Release|iPhoneSimulator
		{B2AAD3BC-B96B-4695-B954-9ECCEA397F3D}.Release|iPhoneSimulator.Build.0 = Release|iPhoneSimulator
		{B2AAD3BC-B96B-4695-B954-9ECCEA397F3D}.Release|iPhoneSimulator.Deploy.0 = Release|iPhoneSimulator
		{B2AAD3BC-B96B-4695-B954-9ECCEA397F3D}.Release|x64.ActiveCfg = Release|iPhone
		{B2AAD3BC-B96B-4695-B954-9ECCEA397F3D}.Release|x64.Build.0 = Release|iPhone
		{B2AAD3BC-B96B-4695-B954-9ECCEA397F3D}.Release|x64.Deploy.0 = Release|iPhone
		{B2AAD3BC-B96B-4695-B954-9ECCEA397F3D}.Release|x86.ActiveCfg = Release|iPhone
		{B2AAD3BC-B96B-4695-B954-9ECCEA397F3D}.Release|x86.Build.0 = Release|iPhone
		{B2AAD3BC-B96B-4695-B954-9ECCEA397F3D}.Release|x86.Deploy.0 = Release|iPhone
		{024660AA-34E6-43FC-98E2-BA858E319F49}.Ad-Hoc|Any CPU.ActiveCfg = Release|x86
		{024660AA-34E6-43FC-98E2-BA858E319F49}.Ad-Hoc|Any CPU.Build.0 = Release|x86
		{024660AA-34E6-43FC-98E2-BA858E319F49}.Ad-Hoc|Any CPU.Deploy.0 = Release|x86
		{024660AA-34E6-43FC-98E2-BA858E319F49}.Ad-Hoc|ARM.ActiveCfg = Release|ARM
		{024660AA-34E6-43FC-98E2-BA858E319F49}.Ad-Hoc|ARM.Build.0 = Release|ARM
		{024660AA-34E6-43FC-98E2-BA858E319F49}.Ad-Hoc|ARM.Deploy.0 = Release|ARM
		{024660AA-34E6-43FC-98E2-BA858E319F49}.Ad-Hoc|iPhone.ActiveCfg = Release|x86
		{024660AA-34E6-43FC-98E2-BA858E319F49}.Ad-Hoc|iPhone.Build.0 = Release|x86
		{024660AA-34E6-43FC-98E2-BA858E319F49}.Ad-Hoc|iPhone.Deploy.0 = Release|x86
		{024660AA-34E6-43FC-98E2-BA858E319F49}.Ad-Hoc|iPhoneSimulator.ActiveCfg = Release|x86
		{024660AA-34E6-43FC-98E2-BA858E319F49}.Ad-Hoc|iPhoneSimulator.Build.0 = Release|x86
		{024660AA-34E6-43FC-98E2-BA858E319F49}.Ad-Hoc|iPhoneSimulator.Deploy.0 = Release|x86
		{024660AA-34E6-43FC-98E2-BA858E319F49}.Ad-Hoc|x64.ActiveCfg = Release|x64
		{024660AA-34E6-43FC-98E2-BA858E319F49}.Ad-Hoc|x64.Build.0 = Release|x64
		{024660AA-34E6-43FC-98E2-BA858E319F49}.Ad-Hoc|x64.Deploy.0 = Release|x64
		{024660AA-34E6-43FC-98E2-BA858E319F49}.Ad-Hoc|x86.ActiveCfg = Release|x86
		{024660AA-34E6-43FC-98E2-BA858E319F49}.Ad-Hoc|x86.Build.0 = Release|x86
		{024660AA-34E6-43FC-98E2-BA858E319F49}.Ad-Hoc|x86.Deploy.0 = Release|x86
		{024660AA-34E6-43FC-98E2-BA858E319F49}.AppStore|Any CPU.ActiveCfg = Release|x86
		{024660AA-34E6-43FC-98E2-BA858E319F49}.AppStore|Any CPU.Build.0 = Release|x86
		{024660AA-34E6-43FC-98E2-BA858E319F49}.AppStore|Any CPU.Deploy.0 = Release|x86
		{024660AA-34E6-43FC-98E2-BA858E319F49}.AppStore|ARM.ActiveCfg = Release|ARM
		{024660AA-34E6-43FC-98E2-BA858E319F49}.AppStore|ARM.Build.0 = Release|ARM
		{024660AA-34E6-43FC-98E2-BA858E319F49}.AppStore|ARM.Deploy.0 = Release|ARM
		{024660AA-34E6-43FC-98E2-BA858E319F49}.AppStore|iPhone.ActiveCfg = Release|x86
		{024660AA-34E6-43FC-98E2-BA858E319F49}.AppStore|iPhone.Build.0 = Release|x86
		{024660AA-34E6-43FC-98E2-BA858E319F49}.AppStore|iPhone.Deploy.0 = Release|x86
		{024660AA-34E6-43FC-98E2-BA858E319F49}.AppStore|iPhoneSimulator.ActiveCfg = Release|x86
		{024660AA-34E6-43FC-98E2-BA858E319F49}.AppStore|iPhoneSimulator.Build.0 = Release|x86
		{024660AA-34E6-43FC-98E2-BA858E319F49}.AppStore|iPhoneSimulator.Deploy.0 = Release|x86
		{024660AA-34E6-43FC-98E2-BA858E319F49}.AppStore|x64.ActiveCfg = Release|x64
		{024660AA-34E6-43FC-98E2-BA858E319F49}.AppStore|x64.Build.0 = Release|x64
		{024660AA-34E6-43FC-98E2-BA858E319F49}.AppStore|x64.Deploy.0 = Release|x64
		{024660AA-34E6-43FC-98E2-BA858E319F49}.AppStore|x86.ActiveCfg = Release|x86
		{024660AA-34E6-43FC-98E2-BA858E319F49}.AppStore|x86.Build.0 = Release|x86
		{024660AA-34E6-43FC-98E2-BA858E319F49}.AppStore|x86.Deploy.0 = Release|x86
		{024660AA-34E6-43FC-98E2-BA858E319F49}.Debug|Any CPU.ActiveCfg = Debug|x86
		{024660AA-34E6-43FC-98E2-BA858E319F49}.Debug|Any CPU.Build.0 = Debug|x86
		{024660AA-34E6-43FC-98E2-BA858E319F49}.Debug|Any CPU.Deploy.0 = Debug|x86
		{024660AA-34E6-43FC-98E2-BA858E319F49}.Debug|ARM.ActiveCfg = Debug|ARM
		{024660AA-34E6-43FC-98E2-BA858E319F49}.Debug|ARM.Build.0 = Debug|ARM
		{024660AA-34E6-43FC-98E2-BA858E319F49}.Debug|ARM.Deploy.0 = Debug|ARM
		{024660AA-34E6-43FC-98E2-BA858E319F49}.Debug|iPhone.ActiveCfg = Debug|x86
		{024660AA-34E6-43FC-98E2-BA858E319F49}.Debug|iPhone.Build.0 = Debug|x86
		{024660AA-34E6-43FC-98E2-BA858E319F49}.Debug|iPhone.Deploy.0 = Debug|x86
		{024660AA-34E6-43FC-98E2-BA858E319F49}.Debug|iPhoneSimulator.ActiveCfg = Debug|x86
		{024660AA-34E6-43FC-98E2-BA858E319F49}.Debug|iPhoneSimulator.Build.0 = Debug|x86
		{024660AA-34E6-43FC-98E2-BA858E319F49}.Debug|iPhoneSimulator.Deploy.0 = Debug|x86
		{024660AA-34E6-43FC-98E2-BA858E319F49}.Debug|x64.ActiveCfg = Debug|x64
		{024660AA-34E6-43FC-98E2-BA858E319F49}.Debug|x64.Build.0 = Debug|x64
		{024660AA-34E6-43FC-98E2-BA858E319F49}.Debug|x64.Deploy.0 = Debug|x64
		{024660AA-34E6-43FC-98E2-BA858E319F49}.Debug|x86.ActiveCfg = Debug|x86
		{024660AA-34E6-43FC-98E2-BA858E319F49}.Debug|x86.Build.0 = Debug|x86
		{024660AA-34E6-43FC-98E2-BA858E319F49}.Debug|x86.Deploy.0 = Debug|x86
		{024660AA-34E6-43FC-98E2-BA858E319F49}.Release|Any CPU.ActiveCfg = Release|x86
		{024660AA-34E6-43FC-98E2-BA858E319F49}.Release|Any CPU.Build.0 = Release|x86
		{024660AA-34E6-43FC-98E2-BA858E319F49}.Release|Any CPU.Deploy.0 = Release|x86
		{024660AA-34E6-43FC-98E2-BA858E319F49}.Release|ARM.ActiveCfg = Release|ARM
		{024660AA-34E6-43FC-98E2-BA858E319F49}.Release|ARM.Build.0 = Release|ARM
		{024660AA-34E6-43FC-98E2-BA858E319F49}.Release|ARM.Deploy.0 = Release|ARM
		{024660AA-34E6-43FC-98E2-BA858E319F49}.Release|iPhone.ActiveCfg = Release|x86
		{024660AA-34E6-43FC-98E2-BA858E319F49}.Release|iPhone.Build.0 = Release|x86
		{024660AA-34E6-43FC-98E2-BA858E319F49}.Release|iPhone.Deploy.0 = Release|x86
		{024660AA-34E6-43FC-98E2-BA858E319F49}.Release|iPhoneSimulator.ActiveCfg = Release|x86
		{024660AA-34E6-43FC-98E2-BA858E319F49}.Release|iPhoneSimulator.Build.0 = Release|x86
		{024660AA-34E6-43FC-98E2-BA858E319F49}.Release|iPhoneSimulator.Deploy.0 = Release|x86
		{024660AA-34E6-43FC-98E2-BA858E319F49}.Release|x64.ActiveCfg = Release|x64
		{024660AA-34E6-43FC-98E2-BA858E319F49}.Release|x64.Build.0 = Release|x64
		{024660AA-34E6-43FC-98E2-BA858E319F49}.Release|x64.Deploy.0 = Release|x64
		{024660AA-34E6-43FC-98E2-BA858E319F49}.Release|x86.ActiveCfg = Release|x86
		{024660AA-34E6-43FC-98E2-BA858E319F49}.Release|x86.Build.0 = Release|x86
		{024660AA-34E6-43FC-98E2-BA858E319F49}.Release|x86.Deploy.0 = Release|x86
		{0F38CD0C-79A0-4F81-AFA7-504A0DAA06FF}.Ad-Hoc|Any CPU.ActiveCfg = Debug|Any CPU
		{0F38CD0C-79A0-4F81-AFA7-504A0DAA06FF}.Ad-Hoc|Any CPU.Build.0 = Debug|Any CPU
		{0F38CD0C-79A0-4F81-AFA7-504A0DAA06FF}.Ad-Hoc|Any CPU.Deploy.0 = Debug|Any CPU
		{0F38CD0C-79A0-4F81-AFA7-504A0DAA06FF}.Ad-Hoc|ARM.ActiveCfg = Debug|Any CPU
		{0F38CD0C-79A0-4F81-AFA7-504A0DAA06FF}.Ad-Hoc|ARM.Build.0 = Debug|Any CPU
		{0F38CD0C-79A0-4F81-AFA7-504A0DAA06FF}.Ad-Hoc|ARM.Deploy.0 = Debug|Any CPU
		{0F38CD0C-79A0-4F81-AFA7-504A0DAA06FF}.Ad-Hoc|iPhone.ActiveCfg = Debug|Any CPU
		{0F38CD0C-79A0-4F81-AFA7-504A0DAA06FF}.Ad-Hoc|iPhone.Build.0 = Debug|Any CPU
		{0F38CD0C-79A0-4F81-AFA7-504A0DAA06FF}.Ad-Hoc|iPhone.Deploy.0 = Debug|Any CPU
		{0F38CD0C-79A0-4F81-AFA7-504A0DAA06FF}.Ad-Hoc|iPhoneSimulator.ActiveCfg = Debug|Any CPU
		{0F38CD0C-79A0-4F81-AFA7-504A0DAA06FF}.Ad-Hoc|iPhoneSimulator.Build.0 = Debug|Any CPU
		{0F38CD0C-79A0-4F81-AFA7-504A0DAA06FF}.Ad-Hoc|iPhoneSimulator.Deploy.0 = Debug|Any CPU
		{0F38CD0C-79A0-4F81-AFA7-504A0DAA06FF}.Ad-Hoc|x64.ActiveCfg = Debug|Any CPU
		{0F38CD0C-79A0-4F81-AFA7-504A0DAA06FF}.Ad-Hoc|x64.Build.0 = Debug|Any CPU
		{0F38CD0C-79A0-4F81-AFA7-504A0DAA06FF}.Ad-Hoc|x64.Deploy.0 = Debug|Any CPU
		{0F38CD0C-79A0-4F81-AFA7-504A0DAA06FF}.Ad-Hoc|x86.ActiveCfg = Debug|Any CPU
		{0F38CD0C-79A0-4F81-AFA7-504A0DAA06FF}.Ad-Hoc|x86.Build.0 = Debug|Any CPU
		{0F38CD0C-79A0-4F81-AFA7-504A0DAA06FF}.Ad-Hoc|x86.Deploy.0 = Debug|Any CPU
		{0F38CD0C-79A0-4F81-AFA7-504A0DAA06FF}.AppStore|Any CPU.ActiveCfg = Debug|Any CPU
		{0F38CD0C-79A0-4F81-AFA7-504A0DAA06FF}.AppStore|Any CPU.Build.0 = Debug|Any CPU
		{0F38CD0C-79A0-4F81-AFA7-504A0DAA06FF}.AppStore|Any CPU.Deploy.0 = Debug|Any CPU
		{0F38CD0C-79A0-4F81-AFA7-504A0DAA06FF}.AppStore|ARM.ActiveCfg = Debug|Any CPU
		{0F38CD0C-79A0-4F81-AFA7-504A0DAA06FF}.AppStore|ARM.Build.0 = Debug|Any CPU
		{0F38CD0C-79A0-4F81-AFA7-504A0DAA06FF}.AppStore|ARM.Deploy.0 = Debug|Any CPU
		{0F38CD0C-79A0-4F81-AFA7-504A0DAA06FF}.AppStore|iPhone.ActiveCfg = Debug|Any CPU
		{0F38CD0C-79A0-4F81-AFA7-504A0DAA06FF}.AppStore|iPhone.Build.0 = Debug|Any CPU
		{0F38CD0C-79A0-4F81-AFA7-504A0DAA06FF}.AppStore|iPhone.Deploy.0 = Debug|Any CPU
		{0F38CD0C-79A0-4F81-AFA7-504A0DAA06FF}.AppStore|iPhoneSimulator.ActiveCfg = Debug|Any CPU
		{0F38CD0C-79A0-4F81-AFA7-504A0DAA06FF}.AppStore|iPhoneSimulator.Build.0 = Debug|Any CPU
		{0F38CD0C-79A0-4F81-AFA7-504A0DAA06FF}.AppStore|iPhoneSimulator.Deploy.0 = Debug|Any CPU
		{0F38CD0C-79A0-4F81-AFA7-504A0DAA06FF}.AppStore|x64.ActiveCfg = Debug|Any CPU
		{0F38CD0C-79A0-4F81-AFA7-504A0DAA06FF}.AppStore|x64.Build.0 = Debug|Any CPU
		{0F38CD0C-79A0-4F81-AFA7-504A0DAA06FF}.AppStore|x64.Deploy.0 = Debug|Any CPU
		{0F38CD0C-79A0-4F81-AFA7-504A0DAA06FF}.AppStore|x86.ActiveCfg = Debug|Any CPU
		{0F38CD0C-79A0-4F81-AFA7-504A0DAA06FF}.AppStore|x86.Build.0 = Debug|Any CPU
		{0F38CD0C-79A0-4F81-AFA7-504A0DAA06FF}.AppStore|x86.Deploy.0 = Debug|Any CPU
		{0F38CD0C-79A0-4F81-AFA7-504A0DAA06FF}.Debug|Any CPU.ActiveCfg = Debug|Any CPU
		{0F38CD0C-79A0-4F81-AFA7-504A0DAA06FF}.Debug|Any CPU.Build.0 = Debug|Any CPU
		{0F38CD0C-79A0-4F81-AFA7-504A0DAA06FF}.Debug|Any CPU.Deploy.0 = Debug|Any CPU
		{0F38CD0C-79A0-4F81-AFA7-504A0DAA06FF}.Debug|ARM.ActiveCfg = Debug|Any CPU
		{0F38CD0C-79A0-4F81-AFA7-504A0DAA06FF}.Debug|ARM.Build.0 = Debug|Any CPU
		{0F38CD0C-79A0-4F81-AFA7-504A0DAA06FF}.Debug|ARM.Deploy.0 = Debug|Any CPU
		{0F38CD0C-79A0-4F81-AFA7-504A0DAA06FF}.Debug|iPhone.ActiveCfg = Debug|Any CPU
		{0F38CD0C-79A0-4F81-AFA7-504A0DAA06FF}.Debug|iPhone.Build.0 = Debug|Any CPU
		{0F38CD0C-79A0-4F81-AFA7-504A0DAA06FF}.Debug|iPhone.Deploy.0 = Debug|Any CPU
		{0F38CD0C-79A0-4F81-AFA7-504A0DAA06FF}.Debug|iPhoneSimulator.ActiveCfg = Debug|Any CPU
		{0F38CD0C-79A0-4F81-AFA7-504A0DAA06FF}.Debug|iPhoneSimulator.Build.0 = Debug|Any CPU
		{0F38CD0C-79A0-4F81-AFA7-504A0DAA06FF}.Debug|iPhoneSimulator.Deploy.0 = Debug|Any CPU
		{0F38CD0C-79A0-4F81-AFA7-504A0DAA06FF}.Debug|x64.ActiveCfg = Debug|Any CPU
		{0F38CD0C-79A0-4F81-AFA7-504A0DAA06FF}.Debug|x64.Build.0 = Debug|Any CPU
		{0F38CD0C-79A0-4F81-AFA7-504A0DAA06FF}.Debug|x64.Deploy.0 = Debug|Any CPU
		{0F38CD0C-79A0-4F81-AFA7-504A0DAA06FF}.Debug|x86.ActiveCfg = Debug|Any CPU
		{0F38CD0C-79A0-4F81-AFA7-504A0DAA06FF}.Debug|x86.Build.0 = Debug|Any CPU
		{0F38CD0C-79A0-4F81-AFA7-504A0DAA06FF}.Debug|x86.Deploy.0 = Debug|Any CPU
		{0F38CD0C-79A0-4F81-AFA7-504A0DAA06FF}.Release|Any CPU.ActiveCfg = Release|Any CPU
		{0F38CD0C-79A0-4F81-AFA7-504A0DAA06FF}.Release|Any CPU.Build.0 = Release|Any CPU
		{0F38CD0C-79A0-4F81-AFA7-504A0DAA06FF}.Release|Any CPU.Deploy.0 = Release|Any CPU
		{0F38CD0C-79A0-4F81-AFA7-504A0DAA06FF}.Release|ARM.ActiveCfg = Release|Any CPU
		{0F38CD0C-79A0-4F81-AFA7-504A0DAA06FF}.Release|ARM.Build.0 = Release|Any CPU
		{0F38CD0C-79A0-4F81-AFA7-504A0DAA06FF}.Release|ARM.Deploy.0 = Release|Any CPU
		{0F38CD0C-79A0-4F81-AFA7-504A0DAA06FF}.Release|iPhone.ActiveCfg = Release|Any CPU
		{0F38CD0C-79A0-4F81-AFA7-504A0DAA06FF}.Release|iPhone.Build.0 = Release|Any CPU
		{0F38CD0C-79A0-4F81-AFA7-504A0DAA06FF}.Release|iPhone.Deploy.0 = Release|Any CPU
		{0F38CD0C-79A0-4F81-AFA7-504A0DAA06FF}.Release|iPhoneSimulator.ActiveCfg = Release|Any CPU
		{0F38CD0C-79A0-4F81-AFA7-504A0DAA06FF}.Release|iPhoneSimulator.Build.0 = Release|Any CPU
		{0F38CD0C-79A0-4F81-AFA7-504A0DAA06FF}.Release|iPhoneSimulator.Deploy.0 = Release|Any CPU
		{0F38CD0C-79A0-4F81-AFA7-504A0DAA06FF}.Release|x64.ActiveCfg = Release|Any CPU
		{0F38CD0C-79A0-4F81-AFA7-504A0DAA06FF}.Release|x64.Build.0 = Release|Any CPU
		{0F38CD0C-79A0-4F81-AFA7-504A0DAA06FF}.Release|x64.Deploy.0 = Release|Any CPU
		{0F38CD0C-79A0-4F81-AFA7-504A0DAA06FF}.Release|x86.ActiveCfg = Release|Any CPU
		{0F38CD0C-79A0-4F81-AFA7-504A0DAA06FF}.Release|x86.Build.0 = Release|Any CPU
		{0F38CD0C-79A0-4F81-AFA7-504A0DAA06FF}.Release|x86.Deploy.0 = Release|Any CPU
	EndGlobalSection
	GlobalSection(SolutionProperties) = preSolution
		HideSolutionNode = FALSE
	EndGlobalSection
	GlobalSection(ExtensibilityGlobals) = postSolution
		SolutionGuid = {E3C5B957-2ED6-42D1-A3C2-017858A211A2}
	EndGlobalSection
EndGlobal
